
Microsoft Visual Studio Solution File, Format Version 12.00
# Visual Studio Version 16
VisualStudioVersion = 16.0.30309.148
MinimumVisualStudioVersion = 10.0.40219.1
Project("{FAE04EC0-301F-11D3-BF4B-00C04F79EFBC}") = "Tirelire_Jamal", "Tirelire_Jamal\Tirelire_Jamal.csproj", "{F4C2BAEA-5E64-4806-AFA6-5E6388463EB1}"
EndProject
Global
	GlobalSection(SolutionConfigurationPlatforms) = preSolution
		Debug|Any CPU = Debug|Any CPU
		Release|Any CPU = Release|Any CPU
	EndGlobalSection
	GlobalSection(ProjectConfigurationPlatforms) = postSolution
		{F4C2BAEA-5E64-4806-AFA6-5E6388463EB1}.Debug|Any CPU.ActiveCfg = Debug|Any CPU
		{F4C2BAEA-5E64-4806-AFA6-5E6388463EB1}.Debug|Any CPU.Build.0 = Debug|Any CPU
		{F4C2BAEA-5E64-4806-AFA6-5E6388463EB1}.Release|Any CPU.ActiveCfg = Release|Any CPU
		{F4C2BAEA-5E64-4806-AFA6-5E6388463EB1}.Release|Any CPU.Build.0 = Release|Any CPU
	EndGlobalSection
	GlobalSection(SolutionProperties) = preSolution
		HideSolutionNode = FALSE
	EndGlobalSection
	GlobalSection(ExtensibilityGlobals) = postSolution
		SolutionGuid = {F9986CAC-1B49-4202-B821-BB1E99E72949}
	EndGlobalSection
EndGlobal
